
Microsoft Visual Studio Solution File, Format Version 12.00
# Visual Studio 15
VisualStudioVersion = 15.0.27130.2010
MinimumVisualStudioVersion = 10.0.40219.1
Project("{9A19103F-16F7-4668-BE54-9A1E7A4F7556}") = "Voicebot.Core", "Voicebot.Core\Voicebot.Core.csproj", "{BE549F65-76ED-4542-BE50-8AF0433FCB8A}"
EndProject
Project("{9A19103F-16F7-4668-BE54-9A1E7A4F7556}") = "Voicebot.WebStarter", "Voicebot.WebStarter\Voicebot.WebStarter.csproj", "{2E6D4337-7059-4F39-9AEF-6BA6F592F5B6}"
EndProject
Project("{9A19103F-16F7-4668-BE54-9A1E7A4F7556}") = "Voicebot.RestApi", "Voicebot.RestApi\Voicebot.RestApi.csproj", "{AC74C3AE-63FA-4140-979B-60A27E9B1B62}"
EndProject
Project("{9A19103F-16F7-4668-BE54-9A1E7A4F7556}") = "Voicebot.UnitTest", "Voicebot.UnitTest\Voicebot.UnitTest.csproj", "{59FF8C43-D4A9-4582-80C0-9039A9006D64}"
EndProject
Project("{9A19103F-16F7-4668-BE54-9A1E7A4F7556}") = "BotSharp.Core", "..\..\BotSharp\BotSharp.Core\BotSharp.Core.csproj", "{EEB6E4FF-059E-4DD6-9439-6424B55D7307}"
EndProject
Global
	GlobalSection(SolutionConfigurationPlatforms) = preSolution
		Debug|Any CPU = Debug|Any CPU
		Release|Any CPU = Release|Any CPU
	EndGlobalSection
	GlobalSection(ProjectConfigurationPlatforms) = postSolution
		{BE549F65-76ED-4542-BE50-8AF0433FCB8A}.Debug|Any CPU.ActiveCfg = Debug|Any CPU
		{BE549F65-76ED-4542-BE50-8AF0433FCB8A}.Debug|Any CPU.Build.0 = Debug|Any CPU
		{BE549F65-76ED-4542-BE50-8AF0433FCB8A}.Release|Any CPU.ActiveCfg = Release|Any CPU
		{BE549F65-76ED-4542-BE50-8AF0433FCB8A}.Release|Any CPU.Build.0 = Release|Any CPU
		{2E6D4337-7059-4F39-9AEF-6BA6F592F5B6}.Debug|Any CPU.ActiveCfg = Debug|Any CPU
		{2E6D4337-7059-4F39-9AEF-6BA6F592F5B6}.Debug|Any CPU.Build.0 = Debug|Any CPU
		{2E6D4337-7059-4F39-9AEF-6BA6F592F5B6}.Release|Any CPU.ActiveCfg = Release|Any CPU
		{2E6D4337-7059-4F39-9AEF-6BA6F592F5B6}.Release|Any CPU.Build.0 = Release|Any CPU
		{AC74C3AE-63FA-4140-979B-60A27E9B1B62}.Debug|Any CPU.ActiveCfg = Debug|Any CPU
		{AC74C3AE-63FA-4140-979B-60A27E9B1B62}.Debug|Any CPU.Build.0 = Debug|Any CPU
		{AC74C3AE-63FA-4140-979B-60A27E9B1B62}.Release|Any CPU.ActiveCfg = Release|Any CPU
		{AC74C3AE-63FA-4140-979B-60A27E9B1B62}.Release|Any CPU.Build.0 = Release|Any CPU
		{59FF8C43-D4A9-4582-80C0-9039A9006D64}.Debug|Any CPU.ActiveCfg = Debug|Any CPU
		{59FF8C43-D4A9-4582-80C0-9039A9006D64}.Debug|Any CPU.Build.0 = Debug|Any CPU
		{59FF8C43-D4A9-4582-80C0-9039A9006D64}.Release|Any CPU.ActiveCfg = Release|Any CPU
		{59FF8C43-D4A9-4582-80C0-9039A9006D64}.Release|Any CPU.Build.0 = Release|Any CPU
		{EEB6E4FF-059E-4DD6-9439-6424B55D7307}.Debug|Any CPU.ActiveCfg = Debug|Any CPU
		{EEB6E4FF-059E-4DD6-9439-6424B55D7307}.Debug|Any CPU.Build.0 = Debug|Any CPU
		{EEB6E4FF-059E-4DD6-9439-6424B55D7307}.Release|Any CPU.ActiveCfg = Release|Any CPU
		{EEB6E4FF-059E-4DD6-9439-6424B55D7307}.Release|Any CPU.Build.0 = Release|Any CPU
	EndGlobalSection
	GlobalSection(SolutionProperties) = preSolution
		HideSolutionNode = FALSE
	EndGlobalSection
	GlobalSection(ExtensibilityGlobals) = postSolution
		SolutionGuid = {AA32F3D3-2E68-4091-8DEB-37801E6ADB6D}
	EndGlobalSection
EndGlobal
